// !$*UTF8*$!
{
	archiveVersion = 1;
	classes = {
	};
	objectVersion = 50;
	objects = {

/* Begin PBXBuildFile section */
		3B1128C843F2EC8252A67BF4 /* Pods_azPodcasts.framework in Frameworks */ = {isa = PBXBuildFile; fileRef = DDC4A93D39A8C049FA728CFC /* Pods_azPodcasts.framework */; };
		EC43F3E820BE0EAB00691918 /* AppDelegate.swift in Sources */ = {isa = PBXBuildFile; fileRef = EC43F3E720BE0EAB00691918 /* AppDelegate.swift */; };
		EC43F3ED20BE0EAB00691918 /* azPodcasts.xcdatamodeld in Sources */ = {isa = PBXBuildFile; fileRef = EC43F3EB20BE0EAB00691918 /* azPodcasts.xcdatamodeld */; };
		EC43F3EF20BE0EAB00691918 /* Assets.xcassets in Resources */ = {isa = PBXBuildFile; fileRef = EC43F3EE20BE0EAB00691918 /* Assets.xcassets */; };
		EC43F3F220BE0EAB00691918 /* Main.storyboard in Resources */ = {isa = PBXBuildFile; fileRef = EC43F3F020BE0EAB00691918 /* Main.storyboard */; };
		EC43F3FB20BE126300691918 /* PodcastsVC.swift in Sources */ = {isa = PBXBuildFile; fileRef = EC43F3FA20BE126300691918 /* PodcastsVC.swift */; };
		EC43F3FD20BE174800691918 /* Parser.swift in Sources */ = {isa = PBXBuildFile; fileRef = EC43F3FC20BE174800691918 /* Parser.swift */; };
		ECAA0F2320C2F6090042A0C0 /* Episode.swift in Sources */ = {isa = PBXBuildFile; fileRef = ECAA0F2220C2F6090042A0C0 /* Episode.swift */; };
		ECB15CA920C028D700FB6C32 /* PodcastDetailedVC.swift in Sources */ = {isa = PBXBuildFile; fileRef = ECB15CA720C028D700FB6C32 /* PodcastDetailedVC.swift */; };
		ECB15CAC20C02AC500FB6C32 /* SplitVC.swift in Sources */ = {isa = PBXBuildFile; fileRef = ECB15CAB20C02AC500FB6C32 /* SplitVC.swift */; };
		ECBE9DCD20C428C500DB4A00 /* EpisodeCell.swift in Sources */ = {isa = PBXBuildFile; fileRef = ECBE9DCC20C428C500DB4A00 /* EpisodeCell.swift */; };
/* End PBXBuildFile section */

/* Begin PBXFileReference section */
		2B3179CE8F04742F5AF10958 /* Pods-azPodcasts.debug.xcconfig */ = {isa = PBXFileReference; includeInIndex = 1; lastKnownFileType = text.xcconfig; name = "Pods-azPodcasts.debug.xcconfig"; path = "Pods/Target Support Files/Pods-azPodcasts/Pods-azPodcasts.debug.xcconfig"; sourceTree = "<group>"; };
		D545762F55173CB7DA598ED8 /* Pods-azPodcasts.release.xcconfig */ = {isa = PBXFileReference; includeInIndex = 1; lastKnownFileType = text.xcconfig; name = "Pods-azPodcasts.release.xcconfig"; path = "Pods/Target Support Files/Pods-azPodcasts/Pods-azPodcasts.release.xcconfig"; sourceTree = "<group>"; };
		DDC4A93D39A8C049FA728CFC /* Pods_azPodcasts.framework */ = {isa = PBXFileReference; explicitFileType = wrapper.framework; includeInIndex = 0; path = Pods_azPodcasts.framework; sourceTree = BUILT_PRODUCTS_DIR; };
		EC43F3E420BE0EAA00691918 /* azPodcasts.app */ = {isa = PBXFileReference; explicitFileType = wrapper.application; includeInIndex = 0; path = azPodcasts.app; sourceTree = BUILT_PRODUCTS_DIR; };
		EC43F3E720BE0EAB00691918 /* AppDelegate.swift */ = {isa = PBXFileReference; lastKnownFileType = sourcecode.swift; path = AppDelegate.swift; sourceTree = "<group>"; };
		EC43F3EC20BE0EAB00691918 /* azPodcasts.xcdatamodel */ = {isa = PBXFileReference; lastKnownFileType = wrapper.xcdatamodel; path = azPodcasts.xcdatamodel; sourceTree = "<group>"; };
		EC43F3EE20BE0EAB00691918 /* Assets.xcassets */ = {isa = PBXFileReference; lastKnownFileType = folder.assetcatalog; path = Assets.xcassets; sourceTree = "<group>"; };
		EC43F3F120BE0EAB00691918 /* Base */ = {isa = PBXFileReference; lastKnownFileType = file.storyboard; name = Base; path = Base.lproj/Main.storyboard; sourceTree = "<group>"; };
		EC43F3F320BE0EAB00691918 /* Info.plist */ = {isa = PBXFileReference; lastKnownFileType = text.plist.xml; path = Info.plist; sourceTree = "<group>"; };
		EC43F3F420BE0EAC00691918 /* azPodcasts.entitlements */ = {isa = PBXFileReference; lastKnownFileType = text.plist.entitlements; path = azPodcasts.entitlements; sourceTree = "<group>"; };
		EC43F3FA20BE126300691918 /* PodcastsVC.swift */ = {isa = PBXFileReference; lastKnownFileType = sourcecode.swift; path = PodcastsVC.swift; sourceTree = "<group>"; };
		EC43F3FC20BE174800691918 /* Parser.swift */ = {isa = PBXFileReference; lastKnownFileType = sourcecode.swift; path = Parser.swift; sourceTree = "<group>"; };
		ECAA0F2220C2F6090042A0C0 /* Episode.swift */ = {isa = PBXFileReference; lastKnownFileType = sourcecode.swift; path = Episode.swift; sourceTree = "<group>"; };
		ECB15CA720C028D700FB6C32 /* PodcastDetailedVC.swift */ = {isa = PBXFileReference; lastKnownFileType = sourcecode.swift; path = PodcastDetailedVC.swift; sourceTree = "<group>"; };
		ECB15CAB20C02AC500FB6C32 /* SplitVC.swift */ = {isa = PBXFileReference; lastKnownFileType = sourcecode.swift; path = SplitVC.swift; sourceTree = "<group>"; };
		ECBE9DCC20C428C500DB4A00 /* EpisodeCell.swift */ = {isa = PBXFileReference; lastKnownFileType = sourcecode.swift; path = EpisodeCell.swift; sourceTree = "<group>"; };
/* End PBXFileReference section */

/* Begin PBXFrameworksBuildPhase section */
		EC43F3E120BE0EAA00691918 /* Frameworks */ = {
			isa = PBXFrameworksBuildPhase;
			buildActionMask = 2147483647;
			files = (
				3B1128C843F2EC8252A67BF4 /* Pods_azPodcasts.framework in Frameworks */,
			);
			runOnlyForDeploymentPostprocessing = 0;
		};
/* End PBXFrameworksBuildPhase section */

/* Begin PBXGroup section */
		600A40F1F1D6A66540B89771 /* Frameworks */ = {
			isa = PBXGroup;
			children = (
				DDC4A93D39A8C049FA728CFC /* Pods_azPodcasts.framework */,
			);
			name = Frameworks;
			sourceTree = "<group>";
		};
		A5595A8D2F909948126BE034 /* Pods */ = {
			isa = PBXGroup;
			children = (
				2B3179CE8F04742F5AF10958 /* Pods-azPodcasts.debug.xcconfig */,
				D545762F55173CB7DA598ED8 /* Pods-azPodcasts.release.xcconfig */,
			);
			name = Pods;
			sourceTree = "<group>";
		};
		EC43F3DB20BE0EAA00691918 = {
			isa = PBXGroup;
			children = (
				EC43F3E620BE0EAB00691918 /* azPodcasts */,
				EC43F3E520BE0EAA00691918 /* Products */,
				A5595A8D2F909948126BE034 /* Pods */,
				600A40F1F1D6A66540B89771 /* Frameworks */,
			);
			sourceTree = "<group>";
		};
		EC43F3E520BE0EAA00691918 /* Products */ = {
			isa = PBXGroup;
			children = (
				EC43F3E420BE0EAA00691918 /* azPodcasts.app */,
			);
			name = Products;
			sourceTree = "<group>";
		};
		EC43F3E620BE0EAB00691918 /* azPodcasts */ = {
			isa = PBXGroup;
			children = (
				ECBE9DCB20C4289B00DB4A00 /* View */,
				ECB15CAE20C02B2800FB6C32 /* Model */,
				ECB15CAD20C02B1400FB6C32 /* Controller */,
				EC43F3E720BE0EAB00691918 /* AppDelegate.swift */,
				EC43F3EE20BE0EAB00691918 /* Assets.xcassets */,
				EC43F3F020BE0EAB00691918 /* Main.storyboard */,
				EC43F3F320BE0EAB00691918 /* Info.plist */,
				EC43F3F420BE0EAC00691918 /* azPodcasts.entitlements */,
				EC43F3EB20BE0EAB00691918 /* azPodcasts.xcdatamodeld */,
			);
			path = azPodcasts;
			sourceTree = "<group>";
		};
		ECB15CAD20C02B1400FB6C32 /* Controller */ = {
			isa = PBXGroup;
			children = (
				EC43F3FA20BE126300691918 /* PodcastsVC.swift */,
				ECB15CA720C028D700FB6C32 /* PodcastDetailedVC.swift */,
				ECB15CAB20C02AC500FB6C32 /* SplitVC.swift */,
			);
			path = Controller;
			sourceTree = "<group>";
		};
		ECB15CAE20C02B2800FB6C32 /* Model */ = {
			isa = PBXGroup;
			children = (
				EC43F3FC20BE174800691918 /* Parser.swift */,
				ECAA0F2220C2F6090042A0C0 /* Episode.swift */,
			);
			path = Model;
			sourceTree = "<group>";
		};
		ECBE9DCB20C4289B00DB4A00 /* View */ = {
			isa = PBXGroup;
			children = (
				ECBE9DCC20C428C500DB4A00 /* EpisodeCell.swift */,
			);
			name = View;
			path = "New Group";
			sourceTree = "<group>";
		};
/* End PBXGroup section */

/* Begin PBXNativeTarget section */
		EC43F3E320BE0EAA00691918 /* azPodcasts */ = {
			isa = PBXNativeTarget;
			buildConfigurationList = EC43F3F720BE0EAC00691918 /* Build configuration list for PBXNativeTarget "azPodcasts" */;
			buildPhases = (
				81C757718DA86D831C66748A /* [CP] Check Pods Manifest.lock */,
				EC43F3E020BE0EAA00691918 /* Sources */,
				EC43F3E120BE0EAA00691918 /* Frameworks */,
				EC43F3E220BE0EAA00691918 /* Resources */,
				218F2467E733D286B4BB9868 /* [CP] Embed Pods Frameworks */,
			);
			buildRules = (
			);
			dependencies = (
			);
			name = azPodcasts;
			productName = azPodcasts;
			productReference = EC43F3E420BE0EAA00691918 /* azPodcasts.app */;
			productType = "com.apple.product-type.application";
		};
/* End PBXNativeTarget section */

/* Begin PBXProject section */
		EC43F3DC20BE0EAA00691918 /* Project object */ = {
			isa = PBXProject;
			attributes = {
				LastSwiftUpdateCheck = 0940;
				LastUpgradeCheck = 0940;
				ORGANIZATIONNAME = "Alex Azarov";
				TargetAttributes = {
					EC43F3E320BE0EAA00691918 = {
						CreatedOnToolsVersion = 9.4;
						LastSwiftMigration = 0940;
						SystemCapabilities = {
							com.apple.Sandbox = {
								enabled = 1;
							};
						};
					};
				};
			};
			buildConfigurationList = EC43F3DF20BE0EAA00691918 /* Build configuration list for PBXProject "azPodcasts" */;
			compatibilityVersion = "Xcode 9.3";
			developmentRegion = en;
			hasScannedForEncodings = 0;
			knownRegions = (
				en,
				Base,
			);
			mainGroup = EC43F3DB20BE0EAA00691918;
			productRefGroup = EC43F3E520BE0EAA00691918 /* Products */;
			projectDirPath = "";
			projectRoot = "";
			targets = (
				EC43F3E320BE0EAA00691918 /* azPodcasts */,
			);
		};
/* End PBXProject section */

/* Begin PBXResourcesBuildPhase section */
		EC43F3E220BE0EAA00691918 /* Resources */ = {
			isa = PBXResourcesBuildPhase;
			buildActionMask = 2147483647;
			files = (
				EC43F3EF20BE0EAB00691918 /* Assets.xcassets in Resources */,
				EC43F3F220BE0EAB00691918 /* Main.storyboard in Resources */,
			);
			runOnlyForDeploymentPostprocessing = 0;
		};
/* End PBXResourcesBuildPhase section */

/* Begin PBXShellScriptBuildPhase section */
		218F2467E733D286B4BB9868 /* [CP] Embed Pods Frameworks */ = {
			isa = PBXShellScriptBuildPhase;
			buildActionMask = 2147483647;
			files = (
			);
			inputPaths = (
				"${SRCROOT}/Pods/Target Support Files/Pods-azPodcasts/Pods-azPodcasts-frameworks.sh",
				"${BUILT_PRODUCTS_DIR}/SWXMLHash/SWXMLHash.framework",
			);
			name = "[CP] Embed Pods Frameworks";
			outputPaths = (
				"${TARGET_BUILD_DIR}/${FRAMEWORKS_FOLDER_PATH}/SWXMLHash.framework",
			);
			runOnlyForDeploymentPostprocessing = 0;
			shellPath = /bin/sh;
			shellScript = "\"${SRCROOT}/Pods/Target Support Files/Pods-azPodcasts/Pods-azPodcasts-frameworks.sh\"\n";
			showEnvVarsInLog = 0;
		};
		81C757718DA86D831C66748A /* [CP] Check Pods Manifest.lock */ = {
			isa = PBXShellScriptBuildPhase;
			buildActionMask = 2147483647;
			files = (
			);
			inputPaths = (
				"${PODS_PODFILE_DIR_PATH}/Podfile.lock",
				"${PODS_ROOT}/Manifest.lock",
			);
			name = "[CP] Check Pods Manifest.lock";
			outputPaths = (
				"$(DERIVED_FILE_DIR)/Pods-azPodcasts-checkManifestLockResult.txt",
			);
			runOnlyForDeploymentPostprocessing = 0;
			shellPath = /bin/sh;
			shellScript = "diff \"${PODS_PODFILE_DIR_PATH}/Podfile.lock\" \"${PODS_ROOT}/Manifest.lock\" > /dev/null\nif [ $? != 0 ] ; then\n    # print error to STDERR\n    echo \"error: The sandbox is not in sync with the Podfile.lock. Run 'pod install' or update your CocoaPods installation.\" >&2\n    exit 1\nfi\n# This output is used by Xcode 'outputs' to avoid re-running this script phase.\necho \"SUCCESS\" > \"${SCRIPT_OUTPUT_FILE_0}\"\n";
			showEnvVarsInLog = 0;
		};
/* End PBXShellScriptBuildPhase section */

/* Begin PBXSourcesBuildPhase section */
		EC43F3E020BE0EAA00691918 /* Sources */ = {
			isa = PBXSourcesBuildPhase;
			buildActionMask = 2147483647;
			files = (
				EC43F3FD20BE174800691918 /* Parser.swift in Sources */,
				ECB15CAC20C02AC500FB6C32 /* SplitVC.swift in Sources */,
				ECAA0F2320C2F6090042A0C0 /* Episode.swift in Sources */,
				EC43F3FB20BE126300691918 /* PodcastsVC.swift in Sources */,
				EC43F3E820BE0EAB00691918 /* AppDelegate.swift in Sources */,
				ECBE9DCD20C428C500DB4A00 /* EpisodeCell.swift in Sources */,
				EC43F3ED20BE0EAB00691918 /* azPodcasts.xcdatamodeld in Sources */,
				ECB15CA920C028D700FB6C32 /* PodcastDetailedVC.swift in Sources */,
			);
			runOnlyForDeploymentPostprocessing = 0;
		};
/* End PBXSourcesBuildPhase section */

/* Begin PBXVariantGroup section */
		EC43F3F020BE0EAB00691918 /* Main.storyboard */ = {
			isa = PBXVariantGroup;
			children = (
				EC43F3F120BE0EAB00691918 /* Base */,
			);
			name = Main.storyboard;
			sourceTree = "<group>";
		};
/* End PBXVariantGroup section */

/* Begin XCBuildConfiguration section */
		EC43F3F520BE0EAC00691918 /* Debug */ = {
			isa = XCBuildConfiguration;
			buildSettings = {
				ALWAYS_SEARCH_USER_PATHS = NO;
				CLANG_ANALYZER_NONNULL = YES;
				CLANG_ANALYZER_NUMBER_OBJECT_CONVERSION = YES_AGGRESSIVE;
				CLANG_CXX_LANGUAGE_STANDARD = "gnu++14";
				CLANG_CXX_LIBRARY = "libc++";
				CLANG_ENABLE_MODULES = YES;
				CLANG_ENABLE_OBJC_ARC = YES;
				CLANG_ENABLE_OBJC_WEAK = YES;
				CLANG_WARN_BLOCK_CAPTURE_AUTORELEASING = YES;
				CLANG_WARN_BOOL_CONVERSION = YES;
				CLANG_WARN_COMMA = YES;
				CLANG_WARN_CONSTANT_CONVERSION = YES;
				CLANG_WARN_DEPRECATED_OBJC_IMPLEMENTATIONS = YES;
				CLANG_WARN_DIRECT_OBJC_ISA_USAGE = YES_ERROR;
				CLANG_WARN_DOCUMENTATION_COMMENTS = YES;
				CLANG_WARN_EMPTY_BODY = YES;
				CLANG_WARN_ENUM_CONVERSION = YES;
				CLANG_WARN_INFINITE_RECURSION = YES;
				CLANG_WARN_INT_CONVERSION = YES;
				CLANG_WARN_NON_LITERAL_NULL_CONVERSION = YES;
				CLANG_WARN_OBJC_IMPLICIT_RETAIN_SELF = YES;
				CLANG_WARN_OBJC_LITERAL_CONVERSION = YES;
				CLANG_WARN_OBJC_ROOT_CLASS = YES_ERROR;
				CLANG_WARN_RANGE_LOOP_ANALYSIS = YES;
				CLANG_WARN_STRICT_PROTOTYPES = YES;
				CLANG_WARN_SUSPICIOUS_MOVE = YES;
				CLANG_WARN_UNGUARDED_AVAILABILITY = YES_AGGRESSIVE;
				CLANG_WARN_UNREACHABLE_CODE = YES;
				CLANG_WARN__DUPLICATE_METHOD_MATCH = YES;
				CODE_SIGN_IDENTITY = "Mac Developer";
				COPY_PHASE_STRIP = NO;
				DEBUG_INFORMATION_FORMAT = dwarf;
				ENABLE_STRICT_OBJC_MSGSEND = YES;
				ENABLE_TESTABILITY = YES;
				GCC_C_LANGUAGE_STANDARD = gnu11;
				GCC_DYNAMIC_NO_PIC = NO;
				GCC_NO_COMMON_BLOCKS = YES;
				GCC_OPTIMIZATION_LEVEL = 0;
				GCC_PREPROCESSOR_DEFINITIONS = (
					"DEBUG=1",
					"$(inherited)",
				);
				GCC_WARN_64_TO_32_BIT_CONVERSION = YES;
				GCC_WARN_ABOUT_RETURN_TYPE = YES_ERROR;
				GCC_WARN_UNDECLARED_SELECTOR = YES;
				GCC_WARN_UNINITIALIZED_AUTOS = YES_AGGRESSIVE;
				GCC_WARN_UNUSED_FUNCTION = YES;
				GCC_WARN_UNUSED_VARIABLE = YES;
				MACOSX_DEPLOYMENT_TARGET = 10.13;
				MTL_ENABLE_DEBUG_INFO = YES;
				ONLY_ACTIVE_ARCH = YES;
				SDKROOT = macosx;
				SWIFT_ACTIVE_COMPILATION_CONDITIONS = DEBUG;
				SWIFT_OPTIMIZATION_LEVEL = "-Onone";
			};
			name = Debug;
		};
		EC43F3F620BE0EAC00691918 /* Release */ = {
			isa = XCBuildConfiguration;
			buildSettings = {
				ALWAYS_SEARCH_USER_PATHS = NO;
				CLANG_ANALYZER_NONNULL = YES;
				CLANG_ANALYZER_NUMBER_OBJECT_CONVERSION = YES_AGGRESSIVE;
				CLANG_CXX_LANGUAGE_STANDARD = "gnu++14";
				CLANG_CXX_LIBRARY = "libc++";
				CLANG_ENABLE_MODULES = YES;
				CLANG_ENABLE_OBJC_ARC = YES;
				CLANG_ENABLE_OBJC_WEAK = YES;
				CLANG_WARN_BLOCK_CAPTURE_AUTORELEASING = YES;
				CLANG_WARN_BOOL_CONVERSION = YES;
				CLANG_WARN_COMMA = YES;
				CLANG_WARN_CONSTANT_CONVERSION = YES;
				CLANG_WARN_DEPRECATED_OBJC_IMPLEMENTATIONS = YES;
				CLANG_WARN_DIRECT_OBJC_ISA_USAGE = YES_ERROR;
				CLANG_WARN_DOCUMENTATION_COMMENTS = YES;
				CLANG_WARN_EMPTY_BODY = YES;
				CLANG_WARN_ENUM_CONVERSION = YES;
				CLANG_WARN_INFINITE_RECURSION = YES;
				CLANG_WARN_INT_CONVERSION = YES;
				CLANG_WARN_NON_LITERAL_NULL_CONVERSION = YES;
				CLANG_WARN_OBJC_IMPLICIT_RETAIN_SELF = YES;
				CLANG_WARN_OBJC_LITERAL_CONVERSION = YES;
				CLANG_WARN_OBJC_ROOT_CLASS = YES_ERROR;
				CLANG_WARN_RANGE_LOOP_ANALYSIS = YES;
				CLANG_WARN_STRICT_PROTOTYPES = YES;
				CLANG_WARN_SUSPICIOUS_MOVE = YES;
				CLANG_WARN_UNGUARDED_AVAILABILITY = YES_AGGRESSIVE;
				CLANG_WARN_UNREACHABLE_CODE = YES;
				CLANG_WARN__DUPLICATE_METHOD_MATCH = YES;
				CODE_SIGN_IDENTITY = "Mac Developer";
				COPY_PHASE_STRIP = NO;
				DEBUG_INFORMATION_FORMAT = "dwarf-with-dsym";
				ENABLE_NS_ASSERTIONS = NO;
				ENABLE_STRICT_OBJC_MSGSEND = YES;
				GCC_C_LANGUAGE_STANDARD = gnu11;
				GCC_NO_COMMON_BLOCKS = YES;
				GCC_WARN_64_TO_32_BIT_CONVERSION = YES;
				GCC_WARN_ABOUT_RETURN_TYPE = YES_ERROR;
				GCC_WARN_UNDECLARED_SELECTOR = YES;
				GCC_WARN_UNINITIALIZED_AUTOS = YES_AGGRESSIVE;
				GCC_WARN_UNUSED_FUNCTION = YES;
				GCC_WARN_UNUSED_VARIABLE = YES;
				MACOSX_DEPLOYMENT_TARGET = 10.13;
				MTL_ENABLE_DEBUG_INFO = NO;
				SDKROOT = macosx;
				SWIFT_COMPILATION_MODE = wholemodule;
				SWIFT_OPTIMIZATION_LEVEL = "-O";
			};
			name = Release;
		};
		EC43F3F820BE0EAC00691918 /* Debug */ = {
			isa = XCBuildConfiguration;
			baseConfigurationReference = 2B3179CE8F04742F5AF10958 /* Pods-azPodcasts.debug.xcconfig */;
			buildSettings = {
				ASSETCATALOG_COMPILER_APPICON_NAME = AppIcon;
				CLANG_ENABLE_MODULES = YES;
				CODE_SIGN_ENTITLEMENTS = azPodcasts/azPodcasts.entitlements;
				CODE_SIGN_IDENTITY = "Mac Developer";
				CODE_SIGN_STYLE = Automatic;
				COMBINE_HIDPI_IMAGES = YES;
				DEVELOPMENT_TEAM = CLALR9F4Q5;
				INFOPLIST_FILE = azPodcasts/Info.plist;
				LD_RUNPATH_SEARCH_PATHS = (
					"$(inherited)",
					"@executable_path/../Frameworks",
				);
				PRODUCT_BUNDLE_IDENTIFIER = by.azarov.azPodcasts;
				PRODUCT_NAME = "$(TARGET_NAME)";
				PROVISIONING_PROFILE_SPECIFIER = "";
				SWIFT_INSTALL_OBJC_HEADER = YES;
				SWIFT_OPTIMIZATION_LEVEL = "-Onone";
				SWIFT_VERSION = 4.0;
			};
			name = Debug;
		};
		EC43F3F920BE0EAC00691918 /* Release */ = {
			isa = XCBuildConfiguration;
			baseConfigurationReference = D545762F55173CB7DA598ED8 /* Pods-azPodcasts.release.xcconfig */;
			buildSettings = {
				ASSETCATALOG_COMPILER_APPICON_NAME = AppIcon;
				CLANG_ENABLE_MODULES = YES;
				CODE_SIGN_ENTITLEMENTS = azPodcasts/azPodcasts.entitlements;
				CODE_SIGN_IDENTITY = "Mac Developer";
				CODE_SIGN_STYLE = Automatic;
				COMBINE_HIDPI_IMAGES = YES;
				DEVELOPMENT_TEAM = CLALR9F4Q5;
				INFOPLIST_FILE = azPodcasts/Info.plist;
				LD_RUNPATH_SEARCH_PATHS = (
					"$(inherited)",
					"@executable_path/../Frameworks",
				);
				PRODUCT_BUNDLE_IDENTIFIER = by.azarov.azPodcasts;
				PRODUCT_NAME = "$(TARGET_NAME)";
				PROVISIONING_PROFILE_SPECIFIER = "";
				SWIFT_INSTALL_OBJC_HEADER = YES;
				SWIFT_VERSION = 4.0;
			};
			name = Release;
		};
/* End XCBuildConfiguration section */

/* Begin XCConfigurationList section */
		EC43F3DF20BE0EAA00691918 /* Build configuration list for PBXProject "azPodcasts" */ = {
			isa = XCConfigurationList;
			buildConfigurations = (
				EC43F3F520BE0EAC00691918 /* Debug */,
				EC43F3F620BE0EAC00691918 /* Release */,
			);
			defaultConfigurationIsVisible = 0;
			defaultConfigurationName = Release;
		};
		EC43F3F720BE0EAC00691918 /* Build configuration list for PBXNativeTarget "azPodcasts" */ = {
			isa = XCConfigurationList;
			buildConfigurations = (
				EC43F3F820BE0EAC00691918 /* Debug */,
				EC43F3F920BE0EAC00691918 /* Release */,
			);
			defaultConfigurationIsVisible = 0;
			defaultConfigurationName = Release;
		};
/* End XCConfigurationList section */

/* Begin XCVersionGroup section */
		EC43F3EB20BE0EAB00691918 /* azPodcasts.xcdatamodeld */ = {
			isa = XCVersionGroup;
			children = (
				EC43F3EC20BE0EAB00691918 /* azPodcasts.xcdatamodel */,
			);
			currentVersion = EC43F3EC20BE0EAB00691918 /* azPodcasts.xcdatamodel */;
			path = azPodcasts.xcdatamodeld;
			sourceTree = "<group>";
			versionGroupType = wrapper.xcdatamodel;
		};
/* End XCVersionGroup section */
	};
	rootObject = EC43F3DC20BE0EAA00691918 /* Project object */;
}
